
Microsoft Visual Studio Solution File, Format Version 12.00
# Visual Studio Version 16
VisualStudioVersion = 16.0.31025.194
MinimumVisualStudioVersion = 10.0.40219.1
Project("{9A19103F-16F7-4668-BE54-9A1E7A4F7556}") = "GoodFood", "GoodFood\GoodFood.csproj", "{AE34CACF-9E4B-4787-B6D8-7652331A9B24}"
EndProject
Project("{9A19103F-16F7-4668-BE54-9A1E7A4F7556}") = "DataAccessLibrary", "DataAccessLibrary\DataAccessLibrary.csproj", "{5E47023E-15B5-46FF-8455-5AF18B475210}"
EndProject
Global
	GlobalSection(SolutionConfigurationPlatforms) = preSolution
		Debug|Any CPU = Debug|Any CPU
		Release|Any CPU = Release|Any CPU
	EndGlobalSection
	GlobalSection(ProjectConfigurationPlatforms) = postSolution
		{AE34CACF-9E4B-4787-B6D8-7652331A9B24}.Debug|Any CPU.ActiveCfg = Debug|Any CPU
		{AE34CACF-9E4B-4787-B6D8-7652331A9B24}.Debug|Any CPU.Build.0 = Debug|Any CPU
		{AE34CACF-9E4B-4787-B6D8-7652331A9B24}.Release|Any CPU.ActiveCfg = Release|Any CPU
		{AE34CACF-9E4B-4787-B6D8-7652331A9B24}.Release|Any CPU.Build.0 = Release|Any CPU
		{5E47023E-15B5-46FF-8455-5AF18B475210}.Debug|Any CPU.ActiveCfg = Debug|Any CPU
		{5E47023E-15B5-46FF-8455-5AF18B475210}.Debug|Any CPU.Build.0 = Debug|Any CPU
		{5E47023E-15B5-46FF-8455-5AF18B475210}.Release|Any CPU.ActiveCfg = Release|Any CPU
		{5E47023E-15B5-46FF-8455-5AF18B475210}.Release|Any CPU.Build.0 = Release|Any CPU
	EndGlobalSection
	GlobalSection(SolutionProperties) = preSolution
		HideSolutionNode = FALSE
	EndGlobalSection
	GlobalSection(ExtensibilityGlobals) = postSolution
		SolutionGuid = {D99E0DA9-CBF3-44CD-A4AF-09C4FA2949B3}
	EndGlobalSection
EndGlobal
